{
	"name": "@sanstu-cli/exec",
	"version": "1.1.1",
	"lockfileVersion": 2,
	"requires": true,
	"packages": {
		"": {
			"name": "@sanstu-cli/exec",
			"version": "1.1.1",
			"license": "ISC",
			"dependencies": {
				"@sanstu-cli/log": "file:../../utils/log"
			}
		},
		"../../models/package": {
			"name": "@sanstu-cli/package",
			"version": "1.1.1",
			"extraneous": true,
			"license": "ISC",
			"dependencies": {
				"npminstall": "4.10.0",
				"pkg-dir": "5.0.0"
			}
		},
		"../../utils/log": {
			"version": "1.1.1",
			"license": "ISC",
			"dependencies": {
				"npmlog": "^7.0.1"
			}
		},
		"node_modules/@sanstu-cli/log": {
			"resolved": "../../utils/log",
			"link": true
		}
	},
	"dependencies": {
		"@sanstu-cli/log": {
			"version": "file:../../utils/log",
			"requires": {
				"npmlog": "^7.0.1"
			}
		}
	}
}
